
Microsoft Visual Studio Solution File, Format Version 12.00
# Visual Studio 14
VisualStudioVersion = 14.0.25420.1
MinimumVisualStudioVersion = 10.0.40219.1
Project("{FAE04EC0-301F-11D3-BF4B-00C04F79EFBC}") = "fusionInSite.App.Server", "fusionInSite.App.Server\fusionInSite.App.Server.csproj", "{59610851-E063-4B18-8BE7-57AF680601D7}"
EndProject
Project("{FAE04EC0-301F-11D3-BF4B-00C04F79EFBC}") = "fusionInSite.App.Server.Tests", "fusionInSite.App.Server.Tests\fusionInSite.App.Server.Tests.csproj", "{342E9730-B6F8-48A4-9847-A75366E461A7}"
EndProject
Project("{FAE04EC0-301F-11D3-BF4B-00C04F79EFBC}") = "fusionInSite.App.Server.Data", "fusionInSite.App.Server.Data\fusionInSite.App.Server.Data.csproj", "{6EE865D7-0930-47C3-996C-5F74AB1D60C6}"
EndProject
Project("{2150E333-8FDC-42A3-9474-1A3956D46DE8}") = "00", "00", "{DF02BCC7-3DE8-4163-8573-9DA1F8D1AE63}"
EndProject
Project("{2150E333-8FDC-42A3-9474-1A3956D46DE8}") = "01 - Data", "01 - Data", "{8CB6378D-5C59-4324-A1FA-287C69802067}"
EndProject
Project("{2150E333-8FDC-42A3-9474-1A3956D46DE8}") = "02 - Logic", "02 - Logic", "{2DE03410-4FD2-461D-BDAE-3BD88711FCBC}"
EndProject
Project("{2150E333-8FDC-42A3-9474-1A3956D46DE8}") = "04 - Tests", "04 - Tests", "{BED2CF49-EAA2-4DA5-86DD-7FAC6F8D83F3}"
EndProject
Project("{2150E333-8FDC-42A3-9474-1A3956D46DE8}") = "03 - UI", "03 - UI", "{B67523B6-F6D1-4C1F-8631-842BB96CA14B}"
EndProject
Project("{FAE04EC0-301F-11D3-BF4B-00C04F79EFBC}") = "fusionInsite.App.Console", "fusionInsite.App.Console\fusionInsite.App.Console.csproj", "{F3A2A191-7BA7-4E95-928E-64B8D6641896}"
EndProject
Global
	GlobalSection(SolutionConfigurationPlatforms) = preSolution
		Debug|Any CPU = Debug|Any CPU
		Release|Any CPU = Release|Any CPU
	EndGlobalSection
	GlobalSection(ProjectConfigurationPlatforms) = postSolution
		{59610851-E063-4B18-8BE7-57AF680601D7}.Debug|Any CPU.ActiveCfg = Debug|Any CPU
		{59610851-E063-4B18-8BE7-57AF680601D7}.Debug|Any CPU.Build.0 = Debug|Any CPU
		{59610851-E063-4B18-8BE7-57AF680601D7}.Release|Any CPU.ActiveCfg = Release|Any CPU
		{59610851-E063-4B18-8BE7-57AF680601D7}.Release|Any CPU.Build.0 = Release|Any CPU
		{342E9730-B6F8-48A4-9847-A75366E461A7}.Debug|Any CPU.ActiveCfg = Debug|Any CPU
		{342E9730-B6F8-48A4-9847-A75366E461A7}.Debug|Any CPU.Build.0 = Debug|Any CPU
		{342E9730-B6F8-48A4-9847-A75366E461A7}.Release|Any CPU.ActiveCfg = Release|Any CPU
		{342E9730-B6F8-48A4-9847-A75366E461A7}.Release|Any CPU.Build.0 = Release|Any CPU
		{6EE865D7-0930-47C3-996C-5F74AB1D60C6}.Debug|Any CPU.ActiveCfg = Debug|Any CPU
		{6EE865D7-0930-47C3-996C-5F74AB1D60C6}.Debug|Any CPU.Build.0 = Debug|Any CPU
		{6EE865D7-0930-47C3-996C-5F74AB1D60C6}.Release|Any CPU.ActiveCfg = Release|Any CPU
		{6EE865D7-0930-47C3-996C-5F74AB1D60C6}.Release|Any CPU.Build.0 = Release|Any CPU
		{F3A2A191-7BA7-4E95-928E-64B8D6641896}.Debug|Any CPU.ActiveCfg = Debug|Any CPU
		{F3A2A191-7BA7-4E95-928E-64B8D6641896}.Debug|Any CPU.Build.0 = Debug|Any CPU
		{F3A2A191-7BA7-4E95-928E-64B8D6641896}.Release|Any CPU.ActiveCfg = Release|Any CPU
		{F3A2A191-7BA7-4E95-928E-64B8D6641896}.Release|Any CPU.Build.0 = Release|Any CPU
	EndGlobalSection
	GlobalSection(SolutionProperties) = preSolution
		HideSolutionNode = FALSE
	EndGlobalSection
	GlobalSection(NestedProjects) = preSolution
		{59610851-E063-4B18-8BE7-57AF680601D7} = {2DE03410-4FD2-461D-BDAE-3BD88711FCBC}
		{342E9730-B6F8-48A4-9847-A75366E461A7} = {BED2CF49-EAA2-4DA5-86DD-7FAC6F8D83F3}
		{6EE865D7-0930-47C3-996C-5F74AB1D60C6} = {8CB6378D-5C59-4324-A1FA-287C69802067}
		{F3A2A191-7BA7-4E95-928E-64B8D6641896} = {B67523B6-F6D1-4C1F-8631-842BB96CA14B}
	EndGlobalSection
EndGlobal
